
Microsoft Visual Studio Solution File, Format Version 12.00
# Visual Studio Version 16
VisualStudioVersion = 16.0.31624.102
MinimumVisualStudioVersion = 10.0.40219.1
Project("{FAE04EC0-301F-11D3-BF4B-00C04F79EFBC}") = "Filuet.Hardware.Dispensers.Abstractions", "Abstractions\Filuet.Hardware.Dispensers.Abstractions.csproj", "{77CF1602-09B6-4519-9720-876C4C4D99C6}"
EndProject
Global
	GlobalSection(SolutionConfigurationPlatforms) = preSolution
		Debug|Any CPU = Debug|Any CPU
		Release|Any CPU = Release|Any CPU
	EndGlobalSection
	GlobalSection(ProjectConfigurationPlatforms) = postSolution
		{77CF1602-09B6-4519-9720-876C4C4D99C6}.Debug|Any CPU.ActiveCfg = Debug|Any CPU
		{77CF1602-09B6-4519-9720-876C4C4D99C6}.Debug|Any CPU.Build.0 = Debug|Any CPU
		{77CF1602-09B6-4519-9720-876C4C4D99C6}.Release|Any CPU.ActiveCfg = Release|Any CPU
		{77CF1602-09B6-4519-9720-876C4C4D99C6}.Release|Any CPU.Build.0 = Release|Any CPU
	EndGlobalSection
	GlobalSection(SolutionProperties) = preSolution
		HideSolutionNode = FALSE
	EndGlobalSection
	GlobalSection(ExtensibilityGlobals) = postSolution
		SolutionGuid = {462DD78B-E1EB-44CF-98FE-3FC59BEA5DBD}
	EndGlobalSection
EndGlobal
